# OriginLens backend runtime dependencies.
#
# Deterministic, fully-resolved pin set for the API and worker images.
# Machine-learning dependencies are pinned separately in
# requirements-ml.lock so the API image does not carry the CUDA wheels
# it never loads.
#
# Regenerate with:  make lock
alembic==1.19.1
amqp==5.3.1
annotated-doc==0.0.5
annotated-types==0.8.0
anyio==4.14.2
argon2-cffi-bindings==25.1.0
argon2-cffi==25.1.0
ast-serialize==0.8.0
billiard==4.2.4
boolean-py==5.0
cachecontrol==0.14.4
celery-types==0.26.0
celery==5.6.3
certifi==2026.7.22
cffi==2.1.1
charset-normalizer==3.5.1
click-didyoumean==0.3.1
click-plugins==1.1.1.2
click-repl==0.3.0
click==8.4.2
cryptography==50.0.0
cuda-bindings==13.3.1
cuda-pathfinder==1.6.1
cuda-toolkit==13.0.3.0
cyclonedx-python-lib==11.12.0
defusedxml==0.7.1
dnspython==2.8.0
email-validator==2.3.0
fastapi==0.141.1
greenlet==3.5.5
h11==0.16.0
hf-xet==1.6.0
httpcore==1.0.9
httptools==0.8.0
httpx==0.28.1
idna==3.19
iniconfig==2.3.0
jinja2==3.1.6
kombu==5.6.2
langdetect==1.0.9
librt==0.15.0
license-expression==30.4.4
lxml==6.1.2
mako==1.4.1
markdown-it-py==4.2.0
markupsafe==3.0.3
mdurl==0.1.2
msgpack==1.2.1
mypy-extensions==1.1.0
mypy==2.3.1
packageurl-python==0.17.6
packaging==26.3
pathspec==1.1.1
pip-api==0.0.34
pip-audit==2.10.1
pip-requirements-parser==32.0.1
pip==26.2.1
platformdirs==4.11.3
pluggy==1.6.0
prompt-toolkit==3.0.53
psycopg-binary==3.3.4
psycopg==3.3.4
py-serializable==2.1.0
pycparser==3.0
pydantic-core==2.46.4
pydantic-settings==2.15.0
pydantic==2.13.4
pygments==2.21.0
pyparsing==3.3.2
pypdf==6.16.1
pytest-asyncio==1.4.0
pytest==9.1.1
python-dateutil==2.9.0.post0
python-docx==1.2.0
python-dotenv==1.2.3
python-multipart==0.0.32
pyyaml==6.0.3
redis==8.1.0
requests==2.34.2
rich==15.0.0
ruff==0.16.3
shellingham==1.5.4
six==1.17.0
sortedcontainers==2.4.0
sqlalchemy==2.0.52
starlette==1.6.0
tomli-w==1.2.0
tomli==2.4.1
tqdm==4.70.0
typer==0.27.1
types-cffi==2.0.0.20260518
types-pyopenssl==24.1.0.20240722
types-redis==4.6.0.20241004
types-setuptools==84.0.0.20260812
typing-extensions==4.16.0
typing-inspection==0.4.4
tzdata==2026.3
tzlocal==5.4.4
urllib3==2.7.0
uvicorn==0.52.4
uvloop==0.22.1
vine==5.1.0
watchfiles==1.2.0
wcwidth==0.8.2
websockets==17.0.1
